<Solution>
  <Folder Name="/CK-Transform/">
    <Project Path="CK.Html.Transform/CK.Html.Transform.csproj" />
    <Project Path="CK.Less.Transform/CK.Less.Transform.csproj" />
    <Project Path="CK.Transform.Core/CK.Transform.Core.csproj" />
    <Project Path="CK.TypeScript.Transform/CK.TypeScript.Transform.csproj" />
  </Folder>
  <Folder Name="/CK-Transform/Tests/">
    <Project Path="Tests/CK.Html.Transform.Tests/CK.Html.Transform.Tests.csproj" />
    <Project Path="Tests/CK.Less.Transform.Tests/CK.Less.Transform.Tests.csproj" />
    <Project Path="Tests/CK.Transform.Core.Tests/CK.Transform.Core.Tests.csproj" />
    <Project Path="Tests/CK.TypeScript.Transform.Tests/CK.TypeScript.Transform.Tests.csproj" />
  </Folder>
  <Folder Name="/Solution Items/">
    <File Path=".editorconfig" />
    <File Path=".gitignore" />
    <File Path=".yarnrc.yml" />
    <File Path="appveyor.yml" />
    <File Path="Directory.Build.props" />
    <File Path="LICENSE" />
    <File Path="NuGet.config" />
  </Folder>
  <Folder Name="/Tests/">
    <Project Path="Tests/CK.ResourceSpace.Globalization.Tests/CK.ResourceSpace.Globalization.Tests.csproj" />
    <Project Path="Tests/CK.TS.AspNet.Auth.Tests/CK.TS.AspNet.Auth.Tests.csproj" />
    <Project Path="Tests/CK.AspNet.WebSocketChannel.Tests/CK.AspNet.WebSocketChannel.Tests.csproj" />
  <Project Path="Tests/CK.TypeScript.Tests/CK.TypeScript.Tests.csproj" />
  </Folder>
  <Folder Name="/Tests/Angular/">
    <Project Path="Tests/Angular/CK.Ng.AspNet.Auth.Basic.Tests/CK.Ng.AspNet.Auth.Basic.Tests.csproj" />
    <Project Path="Tests/Angular/CK.TS.Angular.Tests/CK.TS.Angular.Tests.csproj" />
  </Folder>
  <Folder Name="/Tests/BuildMode/" />
  <Folder Name="/Tests/BuildMode/CK-ObservableDomain/">
    <Project Path="Tests/BuildMode/CK-ObservableDomain/CK.TS.ObservableDomain.Tests/CK.TS.ObservableDomain.Tests.csproj" />
    <Project Path="Tests/BuildMode/CK-ObservableDomain/CK.TS.ObservableDomain/CK.TS.ObservableDomain.csproj" />
  </Folder>
  <Folder Name="/Tests/BuildMode/CK-TS-JsonGraphSerializer/">
    <Project Path="Tests/BuildMode/CK-TS-JsonGraphSerializer/CK.TS.JsonGraphSerializer.Tests/CK.TS.JsonGraphSerializer.Tests.csproj" />
    <Project Path="Tests/BuildMode/CK-TS-JsonGraphSerializer/CK.TS.JsonGraphSerializer/CK.TS.JsonGraphSerializer.csproj" />
  </Folder>
  <Project Path="CK.IO.Core/CK.IO.Core.csproj" />
  <Project Path="CK.Ng.AspNet.Auth.Basic/CK.Ng.AspNet.Auth.Basic.csproj" />
  <Project Path="CK.Ng.AspNet.Auth/CK.Ng.AspNet.Auth.csproj" />
  <Project Path="CK.Ng.Axios/CK.Ng.Axios.csproj" />
  <Project Path="CK.Ng.Localization/CK.Ng.Localization.csproj" />
  <Project Path="CK.Ng.PublicPage/CK.Ng.PublicPage.csproj" />
  <Project Path="CK.Ng.WebSocketChannel/CK.Ng.WebSocketChannel.csproj" />
  <Project Path="CK.Ng.Zorro/CK.Ng.Zorro.csproj" />
  <Project Path="CK.ResourceSpace.Transformable/CK.ResourceSpace.Transformable.csproj" />
  <Project Path="CK.Testing.TypeScriptEngine/CK.Testing.TypeScriptEngine.csproj" />
  <Project Path="CK.TS.Angular.Engine/CK.TS.Angular.Engine.csproj" />
  <Project Path="CK.TS.Angular/CK.TS.Angular.csproj" />
  <Project Path="CK.TS.AspNet.Auth/CK.TS.AspNet.Auth.csproj" />
  <Project Path="CK.TypeScript.CodeGen/CK.TypeScript.CodeGen.csproj" />
  <Project Path="CK.TypeScript.Engine/CK.TypeScript.Engine.csproj" />
  <Project Path="CK.TypeScript.LiveEngine/CK.TypeScript.LiveEngine.csproj" />
  <Project Path="CK.AspNet.WebSocketChannel/CK.AspNet.WebSocketChannel.csproj" />
  <Project Path="CK.TypeScript/CK.TypeScript.csproj" />
</Solution>