Microsoft Visual Studio Solution File, Format Version 12.00
# Visual Studio Version 17
VisualStudioVersion = 17.6.33723.286
MinimumVisualStudioVersion = 10.0.40219.1
Project("{2150E333-8FDC-42A3-9474-1A3956D46DE8}") = "Solution Items", "Solution Items", "{C35270E7-D21D-43A9-A244-04AA9B2D711A}"
	ProjectSection(SolutionItems) = preProject
		.editorconfig = .editorconfig
		.gitignore = .gitignore
		.yarnrc.yml = .yarnrc.yml
		appveyor.yml = appveyor.yml
		Directory.Build.props = Directory.Build.props
		LICENSE = LICENSE
		NuGet.config = NuGet.config
		RepositoryInfo.xml = RepositoryInfo.xml
	EndProjectSection
EndProject
Project("{9A19103F-16F7-4668-BE54-9A1E7A4F7556}") = "CK.TypeScript", "CK.TypeScript\CK.TypeScript.csproj", "{CF49A663-C3F1-4238-93F4-FD8BD1CC99F4}"
EndProject
Project("{2150E333-8FDC-42A3-9474-1A3956D46DE8}") = "Tests", "Tests", "{554E1709-5785-4982-89F9-6AB3C5684F43}"
EndProject
Project("{9A19103F-16F7-4668-BE54-9A1E7A4F7556}") = "CK.TypeScript.Engine", "CK.TypeScript.Engine\CK.TypeScript.Engine.csproj", "{1130F04B-73FC-4EA6-B765-DF9800B43158}"
EndProject
Project("{9A19103F-16F7-4668-BE54-9A1E7A4F7556}") = "CK.TypeScript.Tests", "Tests\CK.TypeScript.Tests\CK.TypeScript.Tests.csproj", "{BFE973FF-C02F-425B-B3D7-6503BED66037}"
EndProject
Project("{9A19103F-16F7-4668-BE54-9A1E7A4F7556}") = "CK.TypeScript.CodeGen", "CK.TypeScript.CodeGen\CK.TypeScript.CodeGen.csproj", "{84308966-201E-4AB8-B99E-FECCC6B2E87F}"
EndProject
Project("{9A19103F-16F7-4668-BE54-9A1E7A4F7556}") = "CodeCakeBuilder", "CodeCakeBuilder\CodeCakeBuilder.csproj", "{15D424C9-4E64-4EF0-8B75-3342C9D29175}"
EndProject
Project("{9A19103F-16F7-4668-BE54-9A1E7A4F7556}") = "CK.Testing.TypeScriptEngine", "CK.Testing.TypeScriptEngine\CK.Testing.TypeScriptEngine.csproj", "{5DE44047-C0F6-4CF4-8913-384F2681ED4D}"
EndProject
Project("{2150E333-8FDC-42A3-9474-1A3956D46DE8}") = "BuildMode", "BuildMode", "{C695CCD1-4BDB-4BD7-B5CC-5B0290F72DB4}"
EndProject
Project("{2150E333-8FDC-42A3-9474-1A3956D46DE8}") = "CK-TS-JsonGraphSerializer", "CK-TS-JsonGraphSerializer", "{EB0FB707-1630-42E3-979E-ED08AE2E8CB6}"
EndProject
Project("{9A19103F-16F7-4668-BE54-9A1E7A4F7556}") = "CK.TS.JsonGraphSerializer", "Tests\BuildMode\CK-TS-JsonGraphSerializer\CK.TS.JsonGraphSerializer\CK.TS.JsonGraphSerializer.csproj", "{32895081-BB2C-48EF-8B09-B4E13EBE4994}"
EndProject
Project("{9A19103F-16F7-4668-BE54-9A1E7A4F7556}") = "CK.TS.JsonGraphSerializer.Tests", "Tests\BuildMode\CK-TS-JsonGraphSerializer\CK.TS.JsonGraphSerializer.Tests\CK.TS.JsonGraphSerializer.Tests.csproj", "{F93F0456-31CB-411C-B57C-6CFAE4DACAC1}"
EndProject
Project("{2150E333-8FDC-42A3-9474-1A3956D46DE8}") = "CK-ObservableDomain", "CK-ObservableDomain", "{FC9C67AE-2FE6-4F3F-9F6D-A8801C5ECC67}"
EndProject
Project("{9A19103F-16F7-4668-BE54-9A1E7A4F7556}") = "CK.TS.ObservableDomain", "Tests\BuildMode\CK-ObservableDomain\CK.TS.ObservableDomain\CK.TS.ObservableDomain.csproj", "{7D416538-7736-48FB-9AC7-F1FB1F5861C6}"
EndProject
Project("{9A19103F-16F7-4668-BE54-9A1E7A4F7556}") = "CK.TS.ObservableDomain.Tests", "Tests\BuildMode\CK-ObservableDomain\CK.TS.ObservableDomain.Tests\CK.TS.ObservableDomain.Tests.csproj", "{8DA63199-B1D4-4EA0-88C2-B5826C0EE32E}"
EndProject
Project("{9A19103F-16F7-4668-BE54-9A1E7A4F7556}") = "CK.TS.AspNet.Auth", "CK.TS.AspNet.Auth\CK.TS.AspNet.Auth.csproj", "{724B4C64-70D6-4A98-8521-DB92D40E6477}"
EndProject
Project("{9A19103F-16F7-4668-BE54-9A1E7A4F7556}") = "CK.TS.AspNet.Auth.Tests", "Tests\CK.TS.AspNet.Auth.Tests\CK.TS.AspNet.Auth.Tests.csproj", "{81A46F45-5C42-4C9D-822E-9C06A3C93D42}"
EndProject
Project("{2150E333-8FDC-42A3-9474-1A3956D46DE8}") = "Angular", "Angular", "{F20DA69D-1B50-4884-B2CE-B2A2DBC585E5}"
EndProject
Project("{9A19103F-16F7-4668-BE54-9A1E7A4F7556}") = "CK.TS.Angular", "CK.TS.Angular\CK.TS.Angular.csproj", "{B20109C0-1A16-44FD-A138-2925E46FF626}"
EndProject
Project("{9A19103F-16F7-4668-BE54-9A1E7A4F7556}") = "CK.TS.Angular.Engine", "CK.TS.Angular.Engine\CK.TS.Angular.Engine.csproj", "{78A937F7-2FE6-47E7-A2B3-33205F02D7F8}"
EndProject
Project("{9A19103F-16F7-4668-BE54-9A1E7A4F7556}") = "CK.TS.Angular.Tests", "Tests\Angular\CK.TS.Angular.Tests\CK.TS.Angular.Tests.csproj", "{F4E5BBE0-F27E-4F69-8BA2-B40464F52AB9}"
EndProject
Project("{9A19103F-16F7-4668-BE54-9A1E7A4F7556}") = "CK.EmbeddedResources", "CK.EmbeddedResources\CK.EmbeddedResources.csproj", "{D6BFFF0F-638A-42D6-A0D5-82391757323C}"
EndProject
Project("{9A19103F-16F7-4668-BE54-9A1E7A4F7556}") = "CK.EmbeddedResources.Tests", "Tests\CK.EmbeddedResources.Tests\CK.EmbeddedResources.Tests.csproj", "{1BC8BD26-8DDC-40F5-AA08-508DBCB6BF02}"
EndProject
Project("{9A19103F-16F7-4668-BE54-9A1E7A4F7556}") = "CK.Ng.AspNet.Auth", "CK.Ng.AspNet.Auth\CK.Ng.AspNet.Auth.csproj", "{71D53CD1-C2A5-4458-A852-DBFB8746CE28}"
EndProject
Project("{9A19103F-16F7-4668-BE54-9A1E7A4F7556}") = "CK.Ng.AspNet.Auth.Tests", "Tests\Angular\CK.Ng.AspNet.Auth.Tests\CK.Ng.AspNet.Auth.Tests.csproj", "{D0DA4538-A318-4AFD-9E56-0092A5C41A7D}"
EndProject
Project("{FAE04EC0-301F-11D3-BF4B-00C04F79EFBC}") = "CK.Ng.Axios", "CK.Ng.Axios\CK.Ng.Axios.csproj", "{9C4F7BC1-58AF-4A70-9C9B-5F0BBC53078F}"
EndProject
Project("{FAE04EC0-301F-11D3-BF4B-00C04F79EFBC}") = "CK.Ng.Localization", "CK.Ng.Localization\CK.Ng.Localization.csproj", "{A1708F78-B9E8-4F87-A8DD-0BCFE3FA098F}"
EndProject
Project("{FAE04EC0-301F-11D3-BF4B-00C04F79EFBC}") = "CK.EmbeddedResources.Abstractions", "CK.EmbeddedResources.Abstractions\CK.EmbeddedResources.Abstractions.csproj", "{861B9A03-BE51-4BB0-9105-C9C5C3772F29}"
EndProject
Project("{FAE04EC0-301F-11D3-BF4B-00C04F79EFBC}") = "CK.EmbeddedResources.Globalization", "CK.EmbeddedResources.Globalization\CK.EmbeddedResources.Globalization.csproj", "{5144FA99-73A6-4824-9F97-88B9D49D7AA9}"
EndProject
Project("{FAE04EC0-301F-11D3-BF4B-00C04F79EFBC}") = "CK.TypeScript.Transform", "CK.TypeScript.Transform\CK.TypeScript.Transform.csproj", "{405F36E0-16BC-4B31-9B64-16E70372862D}"
EndProject
Project("{FAE04EC0-301F-11D3-BF4B-00C04F79EFBC}") = "CK.Transform.Core", "CK.Transform.Core\CK.Transform.Core.csproj", "{FE6A26AF-B775-4455-B2AA-5F77049E7900}"
EndProject
Project("{2150E333-8FDC-42A3-9474-1A3956D46DE8}") = "CK-Transform", "CK-Transform", "{D755A354-5D50-48D2-AF02-DA766FEFFD0E}"
EndProject
Project("{FAE04EC0-301F-11D3-BF4B-00C04F79EFBC}") = "CK.Html.Transform", "CK.Html.Transform\CK.Html.Transform.csproj", "{62AD2AE5-587B-4D02-A309-4124D0BED386}"
EndProject
Project("{2150E333-8FDC-42A3-9474-1A3956D46DE8}") = "Tests", "Tests", "{BDF1A6D5-0D4A-4C52-9F5D-E7BF0F137848}"
EndProject
Project("{FAE04EC0-301F-11D3-BF4B-00C04F79EFBC}") = "CK.Transform.Core.Tests", "Tests\CK.Transform.Core.Tests\CK.Transform.Core.Tests.csproj", "{C62CCE42-6191-4F35-A372-1025ECC67521}"
EndProject
Project("{FAE04EC0-301F-11D3-BF4B-00C04F79EFBC}") = "CK.TypeScript.Transform.Tests", "Tests\CK.TypeScript.Transform.Tests\CK.TypeScript.Transform.Tests.csproj", "{78D68FDA-1313-495C-8AE2-1AF8809B86CC}"
EndProject
Project("{FAE04EC0-301F-11D3-BF4B-00C04F79EFBC}") = "CK.Html.Transform.Tests", "Tests\CK.Html.Transform.Tests\CK.Html.Transform.Tests.csproj", "{5EC00B39-7F32-402A-82D0-BE37A622605A}"
EndProject
Project("{FAE04EC0-301F-11D3-BF4B-00C04F79EFBC}") = "CK.Less.Transform", "CK.Less.Transform\CK.Less.Transform.csproj", "{C4994269-759E-44FD-83EB-7EACE7974CD4}"
EndProject
Project("{FAE04EC0-301F-11D3-BF4B-00C04F79EFBC}") = "CK.Less.Transform.Tests", "Tests\CK.Less.Transform.Tests\CK.Less.Transform.Tests.csproj", "{5CE0FC24-2FAC-4713-BB4C-F413CD4E6FB4}"
EndProject
Project("{FAE04EC0-301F-11D3-BF4B-00C04F79EFBC}") = "CK.TypeScript.LiveEngine", "CK.TypeScript.LiveEngine\CK.TypeScript.LiveEngine.csproj", "{A3BBAE75-A8A0-4C1D-91E5-A1050D4AC797}"
EndProject
Project("{FAE04EC0-301F-11D3-BF4B-00C04F79EFBC}") = "CK.EmbeddedResources.Assets", "CK.EmbeddedResources.Assets\CK.EmbeddedResources.Assets.csproj", "{28E950C4-73D9-4A56-BFF9-D92C584DE489}"
EndProject
Project("{FAE04EC0-301F-11D3-BF4B-00C04F79EFBC}") = "CK.EmbeddedResources.Assets.Tests", "Tests\CK.EmbeddedResources.Assets.Tests\CK.EmbeddedResources.Assets.Tests.csproj", "{3485D04F-5614-4843-8413-8A748388FD26}"
EndProject
Project("{FAE04EC0-301F-11D3-BF4B-00C04F79EFBC}") = "CK.Transform.Space", "CK.Transform.Space\CK.Transform.Space.csproj", "{69C98830-A7E9-4325-B627-0F61B02BF0AA}"
EndProject
Project("{FAE04EC0-301F-11D3-BF4B-00C04F79EFBC}") = "CK.ResourceSpace", "CK.ResourceSpace\CK.ResourceSpace.csproj", "{E67C7A72-83CE-4E48-B2B0-DC9F161BF00A}"
EndProject
Project("{FAE04EC0-301F-11D3-BF4B-00C04F79EFBC}") = "CK.ResourceSpace.Abstractions", "CK.ResourceSpace.Abstractions\CK.ResourceSpace.Abstractions.csproj", "{681696E5-B9D2-4773-A729-3440E247825A}"
EndProject
Global
	GlobalSection(SolutionConfigurationPlatforms) = preSolution
		Debug|Any CPU = Debug|Any CPU
		Release|Any CPU = Release|Any CPU
	EndGlobalSection
	GlobalSection(ProjectConfigurationPlatforms) = postSolution
		{CF49A663-C3F1-4238-93F4-FD8BD1CC99F4}.Debug|Any CPU.ActiveCfg = Debug|Any CPU
		{CF49A663-C3F1-4238-93F4-FD8BD1CC99F4}.Debug|Any CPU.Build.0 = Debug|Any CPU
		{CF49A663-C3F1-4238-93F4-FD8BD1CC99F4}.Release|Any CPU.ActiveCfg = Release|Any CPU
		{CF49A663-C3F1-4238-93F4-FD8BD1CC99F4}.Release|Any CPU.Build.0 = Release|Any CPU
		{1130F04B-73FC-4EA6-B765-DF9800B43158}.Debug|Any CPU.ActiveCfg = Debug|Any CPU
		{1130F04B-73FC-4EA6-B765-DF9800B43158}.Debug|Any CPU.Build.0 = Debug|Any CPU
		{1130F04B-73FC-4EA6-B765-DF9800B43158}.Release|Any CPU.ActiveCfg = Release|Any CPU
		{1130F04B-73FC-4EA6-B765-DF9800B43158}.Release|Any CPU.Build.0 = Release|Any CPU
		{BFE973FF-C02F-425B-B3D7-6503BED66037}.Debug|Any CPU.ActiveCfg = Debug|Any CPU
		{BFE973FF-C02F-425B-B3D7-6503BED66037}.Debug|Any CPU.Build.0 = Debug|Any CPU
		{BFE973FF-C02F-425B-B3D7-6503BED66037}.Release|Any CPU.ActiveCfg = Release|Any CPU
		{BFE973FF-C02F-425B-B3D7-6503BED66037}.Release|Any CPU.Build.0 = Release|Any CPU
		{84308966-201E-4AB8-B99E-FECCC6B2E87F}.Debug|Any CPU.ActiveCfg = Debug|Any CPU
		{84308966-201E-4AB8-B99E-FECCC6B2E87F}.Debug|Any CPU.Build.0 = Debug|Any CPU
		{84308966-201E-4AB8-B99E-FECCC6B2E87F}.Release|Any CPU.ActiveCfg = Release|Any CPU
		{84308966-201E-4AB8-B99E-FECCC6B2E87F}.Release|Any CPU.Build.0 = Release|Any CPU
		{15D424C9-4E64-4EF0-8B75-3342C9D29175}.Debug|Any CPU.ActiveCfg = Debug|Any CPU
		{15D424C9-4E64-4EF0-8B75-3342C9D29175}.Debug|Any CPU.Build.0 = Debug|Any CPU
		{15D424C9-4E64-4EF0-8B75-3342C9D29175}.Release|Any CPU.ActiveCfg = Release|Any CPU
		{15D424C9-4E64-4EF0-8B75-3342C9D29175}.Release|Any CPU.Build.0 = Release|Any CPU
		{5DE44047-C0F6-4CF4-8913-384F2681ED4D}.Debug|Any CPU.ActiveCfg = Debug|Any CPU
		{5DE44047-C0F6-4CF4-8913-384F2681ED4D}.Debug|Any CPU.Build.0 = Debug|Any CPU
		{5DE44047-C0F6-4CF4-8913-384F2681ED4D}.Release|Any CPU.ActiveCfg = Release|Any CPU
		{5DE44047-C0F6-4CF4-8913-384F2681ED4D}.Release|Any CPU.Build.0 = Release|Any CPU
		{32895081-BB2C-48EF-8B09-B4E13EBE4994}.Debug|Any CPU.ActiveCfg = Debug|Any CPU
		{32895081-BB2C-48EF-8B09-B4E13EBE4994}.Debug|Any CPU.Build.0 = Debug|Any CPU
		{32895081-BB2C-48EF-8B09-B4E13EBE4994}.Release|Any CPU.ActiveCfg = Release|Any CPU
		{32895081-BB2C-48EF-8B09-B4E13EBE4994}.Release|Any CPU.Build.0 = Release|Any CPU
		{F93F0456-31CB-411C-B57C-6CFAE4DACAC1}.Debug|Any CPU.ActiveCfg = Debug|Any CPU
		{F93F0456-31CB-411C-B57C-6CFAE4DACAC1}.Debug|Any CPU.Build.0 = Debug|Any CPU
		{F93F0456-31CB-411C-B57C-6CFAE4DACAC1}.Release|Any CPU.ActiveCfg = Release|Any CPU
		{F93F0456-31CB-411C-B57C-6CFAE4DACAC1}.Release|Any CPU.Build.0 = Release|Any CPU
		{7D416538-7736-48FB-9AC7-F1FB1F5861C6}.Debug|Any CPU.ActiveCfg = Debug|Any CPU
		{7D416538-7736-48FB-9AC7-F1FB1F5861C6}.Debug|Any CPU.Build.0 = Debug|Any CPU
		{7D416538-7736-48FB-9AC7-F1FB1F5861C6}.Release|Any CPU.ActiveCfg = Release|Any CPU
		{7D416538-7736-48FB-9AC7-F1FB1F5861C6}.Release|Any CPU.Build.0 = Release|Any CPU
		{8DA63199-B1D4-4EA0-88C2-B5826C0EE32E}.Debug|Any CPU.ActiveCfg = Debug|Any CPU
		{8DA63199-B1D4-4EA0-88C2-B5826C0EE32E}.Debug|Any CPU.Build.0 = Debug|Any CPU
		{8DA63199-B1D4-4EA0-88C2-B5826C0EE32E}.Release|Any CPU.ActiveCfg = Release|Any CPU
		{8DA63199-B1D4-4EA0-88C2-B5826C0EE32E}.Release|Any CPU.Build.0 = Release|Any CPU
		{724B4C64-70D6-4A98-8521-DB92D40E6477}.Debug|Any CPU.ActiveCfg = Debug|Any CPU
		{724B4C64-70D6-4A98-8521-DB92D40E6477}.Debug|Any CPU.Build.0 = Debug|Any CPU
		{724B4C64-70D6-4A98-8521-DB92D40E6477}.Release|Any CPU.ActiveCfg = Release|Any CPU
		{724B4C64-70D6-4A98-8521-DB92D40E6477}.Release|Any CPU.Build.0 = Release|Any CPU
		{81A46F45-5C42-4C9D-822E-9C06A3C93D42}.Debug|Any CPU.ActiveCfg = Debug|Any CPU
		{81A46F45-5C42-4C9D-822E-9C06A3C93D42}.Debug|Any CPU.Build.0 = Debug|Any CPU
		{81A46F45-5C42-4C9D-822E-9C06A3C93D42}.Release|Any CPU.ActiveCfg = Release|Any CPU
		{81A46F45-5C42-4C9D-822E-9C06A3C93D42}.Release|Any CPU.Build.0 = Release|Any CPU
		{B20109C0-1A16-44FD-A138-2925E46FF626}.Debug|Any CPU.ActiveCfg = Debug|Any CPU
		{B20109C0-1A16-44FD-A138-2925E46FF626}.Debug|Any CPU.Build.0 = Debug|Any CPU
		{B20109C0-1A16-44FD-A138-2925E46FF626}.Release|Any CPU.ActiveCfg = Release|Any CPU
		{B20109C0-1A16-44FD-A138-2925E46FF626}.Release|Any CPU.Build.0 = Release|Any CPU
		{78A937F7-2FE6-47E7-A2B3-33205F02D7F8}.Debug|Any CPU.ActiveCfg = Debug|Any CPU
		{78A937F7-2FE6-47E7-A2B3-33205F02D7F8}.Debug|Any CPU.Build.0 = Debug|Any CPU
		{78A937F7-2FE6-47E7-A2B3-33205F02D7F8}.Release|Any CPU.ActiveCfg = Release|Any CPU
		{78A937F7-2FE6-47E7-A2B3-33205F02D7F8}.Release|Any CPU.Build.0 = Release|Any CPU
		{F4E5BBE0-F27E-4F69-8BA2-B40464F52AB9}.Debug|Any CPU.ActiveCfg = Debug|Any CPU
		{F4E5BBE0-F27E-4F69-8BA2-B40464F52AB9}.Debug|Any CPU.Build.0 = Debug|Any CPU
		{F4E5BBE0-F27E-4F69-8BA2-B40464F52AB9}.Release|Any CPU.ActiveCfg = Release|Any CPU
		{F4E5BBE0-F27E-4F69-8BA2-B40464F52AB9}.Release|Any CPU.Build.0 = Release|Any CPU
		{D6BFFF0F-638A-42D6-A0D5-82391757323C}.Debug|Any CPU.ActiveCfg = Debug|Any CPU
		{D6BFFF0F-638A-42D6-A0D5-82391757323C}.Debug|Any CPU.Build.0 = Debug|Any CPU
		{D6BFFF0F-638A-42D6-A0D5-82391757323C}.Release|Any CPU.ActiveCfg = Release|Any CPU
		{D6BFFF0F-638A-42D6-A0D5-82391757323C}.Release|Any CPU.Build.0 = Release|Any CPU
		{1BC8BD26-8DDC-40F5-AA08-508DBCB6BF02}.Debug|Any CPU.ActiveCfg = Debug|Any CPU
		{1BC8BD26-8DDC-40F5-AA08-508DBCB6BF02}.Debug|Any CPU.Build.0 = Debug|Any CPU
		{1BC8BD26-8DDC-40F5-AA08-508DBCB6BF02}.Release|Any CPU.ActiveCfg = Release|Any CPU
		{1BC8BD26-8DDC-40F5-AA08-508DBCB6BF02}.Release|Any CPU.Build.0 = Release|Any CPU
		{71D53CD1-C2A5-4458-A852-DBFB8746CE28}.Debug|Any CPU.ActiveCfg = Debug|Any CPU
		{71D53CD1-C2A5-4458-A852-DBFB8746CE28}.Debug|Any CPU.Build.0 = Debug|Any CPU
		{71D53CD1-C2A5-4458-A852-DBFB8746CE28}.Release|Any CPU.ActiveCfg = Release|Any CPU
		{71D53CD1-C2A5-4458-A852-DBFB8746CE28}.Release|Any CPU.Build.0 = Release|Any CPU
		{D0DA4538-A318-4AFD-9E56-0092A5C41A7D}.Debug|Any CPU.ActiveCfg = Debug|Any CPU
		{D0DA4538-A318-4AFD-9E56-0092A5C41A7D}.Debug|Any CPU.Build.0 = Debug|Any CPU
		{D0DA4538-A318-4AFD-9E56-0092A5C41A7D}.Release|Any CPU.ActiveCfg = Release|Any CPU
		{D0DA4538-A318-4AFD-9E56-0092A5C41A7D}.Release|Any CPU.Build.0 = Release|Any CPU
		{9C4F7BC1-58AF-4A70-9C9B-5F0BBC53078F}.Debug|Any CPU.ActiveCfg = Debug|Any CPU
		{9C4F7BC1-58AF-4A70-9C9B-5F0BBC53078F}.Debug|Any CPU.Build.0 = Debug|Any CPU
		{9C4F7BC1-58AF-4A70-9C9B-5F0BBC53078F}.Release|Any CPU.ActiveCfg = Release|Any CPU
		{9C4F7BC1-58AF-4A70-9C9B-5F0BBC53078F}.Release|Any CPU.Build.0 = Release|Any CPU
		{A1708F78-B9E8-4F87-A8DD-0BCFE3FA098F}.Debug|Any CPU.ActiveCfg = Debug|Any CPU
		{A1708F78-B9E8-4F87-A8DD-0BCFE3FA098F}.Debug|Any CPU.Build.0 = Debug|Any CPU
		{A1708F78-B9E8-4F87-A8DD-0BCFE3FA098F}.Release|Any CPU.ActiveCfg = Release|Any CPU
		{A1708F78-B9E8-4F87-A8DD-0BCFE3FA098F}.Release|Any CPU.Build.0 = Release|Any CPU
		{861B9A03-BE51-4BB0-9105-C9C5C3772F29}.Debug|Any CPU.ActiveCfg = Debug|Any CPU
		{861B9A03-BE51-4BB0-9105-C9C5C3772F29}.Debug|Any CPU.Build.0 = Debug|Any CPU
		{861B9A03-BE51-4BB0-9105-C9C5C3772F29}.Release|Any CPU.ActiveCfg = Release|Any CPU
		{861B9A03-BE51-4BB0-9105-C9C5C3772F29}.Release|Any CPU.Build.0 = Release|Any CPU
		{5144FA99-73A6-4824-9F97-88B9D49D7AA9}.Debug|Any CPU.ActiveCfg = Debug|Any CPU
		{5144FA99-73A6-4824-9F97-88B9D49D7AA9}.Debug|Any CPU.Build.0 = Debug|Any CPU
		{5144FA99-73A6-4824-9F97-88B9D49D7AA9}.Release|Any CPU.ActiveCfg = Release|Any CPU
		{5144FA99-73A6-4824-9F97-88B9D49D7AA9}.Release|Any CPU.Build.0 = Release|Any CPU
		{405F36E0-16BC-4B31-9B64-16E70372862D}.Debug|Any CPU.ActiveCfg = Debug|Any CPU
		{405F36E0-16BC-4B31-9B64-16E70372862D}.Debug|Any CPU.Build.0 = Debug|Any CPU
		{405F36E0-16BC-4B31-9B64-16E70372862D}.Release|Any CPU.ActiveCfg = Release|Any CPU
		{405F36E0-16BC-4B31-9B64-16E70372862D}.Release|Any CPU.Build.0 = Release|Any CPU
		{FE6A26AF-B775-4455-B2AA-5F77049E7900}.Debug|Any CPU.ActiveCfg = Debug|Any CPU
		{FE6A26AF-B775-4455-B2AA-5F77049E7900}.Debug|Any CPU.Build.0 = Debug|Any CPU
		{FE6A26AF-B775-4455-B2AA-5F77049E7900}.Release|Any CPU.ActiveCfg = Release|Any CPU
		{FE6A26AF-B775-4455-B2AA-5F77049E7900}.Release|Any CPU.Build.0 = Release|Any CPU
		{62AD2AE5-587B-4D02-A309-4124D0BED386}.Debug|Any CPU.ActiveCfg = Debug|Any CPU
		{62AD2AE5-587B-4D02-A309-4124D0BED386}.Debug|Any CPU.Build.0 = Debug|Any CPU
		{62AD2AE5-587B-4D02-A309-4124D0BED386}.Release|Any CPU.ActiveCfg = Release|Any CPU
		{62AD2AE5-587B-4D02-A309-4124D0BED386}.Release|Any CPU.Build.0 = Release|Any CPU
		{C62CCE42-6191-4F35-A372-1025ECC67521}.Debug|Any CPU.ActiveCfg = Debug|Any CPU
		{C62CCE42-6191-4F35-A372-1025ECC67521}.Debug|Any CPU.Build.0 = Debug|Any CPU
		{C62CCE42-6191-4F35-A372-1025ECC67521}.Release|Any CPU.ActiveCfg = Release|Any CPU
		{C62CCE42-6191-4F35-A372-1025ECC67521}.Release|Any CPU.Build.0 = Release|Any CPU
		{78D68FDA-1313-495C-8AE2-1AF8809B86CC}.Debug|Any CPU.ActiveCfg = Debug|Any CPU
		{78D68FDA-1313-495C-8AE2-1AF8809B86CC}.Debug|Any CPU.Build.0 = Debug|Any CPU
		{78D68FDA-1313-495C-8AE2-1AF8809B86CC}.Release|Any CPU.ActiveCfg = Release|Any CPU
		{78D68FDA-1313-495C-8AE2-1AF8809B86CC}.Release|Any CPU.Build.0 = Release|Any CPU
		{5EC00B39-7F32-402A-82D0-BE37A622605A}.Debug|Any CPU.ActiveCfg = Debug|Any CPU
		{5EC00B39-7F32-402A-82D0-BE37A622605A}.Debug|Any CPU.Build.0 = Debug|Any CPU
		{5EC00B39-7F32-402A-82D0-BE37A622605A}.Release|Any CPU.ActiveCfg = Release|Any CPU
		{5EC00B39-7F32-402A-82D0-BE37A622605A}.Release|Any CPU.Build.0 = Release|Any CPU
		{C4994269-759E-44FD-83EB-7EACE7974CD4}.Debug|Any CPU.ActiveCfg = Debug|Any CPU
		{C4994269-759E-44FD-83EB-7EACE7974CD4}.Debug|Any CPU.Build.0 = Debug|Any CPU
		{C4994269-759E-44FD-83EB-7EACE7974CD4}.Release|Any CPU.ActiveCfg = Release|Any CPU
		{C4994269-759E-44FD-83EB-7EACE7974CD4}.Release|Any CPU.Build.0 = Release|Any CPU
		{5CE0FC24-2FAC-4713-BB4C-F413CD4E6FB4}.Debug|Any CPU.ActiveCfg = Debug|Any CPU
		{5CE0FC24-2FAC-4713-BB4C-F413CD4E6FB4}.Debug|Any CPU.Build.0 = Debug|Any CPU
		{5CE0FC24-2FAC-4713-BB4C-F413CD4E6FB4}.Release|Any CPU.ActiveCfg = Release|Any CPU
		{5CE0FC24-2FAC-4713-BB4C-F413CD4E6FB4}.Release|Any CPU.Build.0 = Release|Any CPU
		{A3BBAE75-A8A0-4C1D-91E5-A1050D4AC797}.Debug|Any CPU.ActiveCfg = Debug|Any CPU
		{A3BBAE75-A8A0-4C1D-91E5-A1050D4AC797}.Debug|Any CPU.Build.0 = Debug|Any CPU
		{A3BBAE75-A8A0-4C1D-91E5-A1050D4AC797}.Release|Any CPU.ActiveCfg = Release|Any CPU
		{A3BBAE75-A8A0-4C1D-91E5-A1050D4AC797}.Release|Any CPU.Build.0 = Release|Any CPU
		{28E950C4-73D9-4A56-BFF9-D92C584DE489}.Debug|Any CPU.ActiveCfg = Debug|Any CPU
		{28E950C4-73D9-4A56-BFF9-D92C584DE489}.Debug|Any CPU.Build.0 = Debug|Any CPU
		{28E950C4-73D9-4A56-BFF9-D92C584DE489}.Release|Any CPU.ActiveCfg = Release|Any CPU
		{28E950C4-73D9-4A56-BFF9-D92C584DE489}.Release|Any CPU.Build.0 = Release|Any CPU
		{3485D04F-5614-4843-8413-8A748388FD26}.Debug|Any CPU.ActiveCfg = Debug|Any CPU
		{3485D04F-5614-4843-8413-8A748388FD26}.Debug|Any CPU.Build.0 = Debug|Any CPU
		{3485D04F-5614-4843-8413-8A748388FD26}.Release|Any CPU.ActiveCfg = Release|Any CPU
		{3485D04F-5614-4843-8413-8A748388FD26}.Release|Any CPU.Build.0 = Release|Any CPU
		{69C98830-A7E9-4325-B627-0F61B02BF0AA}.Debug|Any CPU.ActiveCfg = Debug|Any CPU
		{69C98830-A7E9-4325-B627-0F61B02BF0AA}.Debug|Any CPU.Build.0 = Debug|Any CPU
		{69C98830-A7E9-4325-B627-0F61B02BF0AA}.Release|Any CPU.ActiveCfg = Release|Any CPU
		{69C98830-A7E9-4325-B627-0F61B02BF0AA}.Release|Any CPU.Build.0 = Release|Any CPU
		{E67C7A72-83CE-4E48-B2B0-DC9F161BF00A}.Debug|Any CPU.ActiveCfg = Debug|Any CPU
		{E67C7A72-83CE-4E48-B2B0-DC9F161BF00A}.Debug|Any CPU.Build.0 = Debug|Any CPU
		{E67C7A72-83CE-4E48-B2B0-DC9F161BF00A}.Release|Any CPU.ActiveCfg = Release|Any CPU
		{E67C7A72-83CE-4E48-B2B0-DC9F161BF00A}.Release|Any CPU.Build.0 = Release|Any CPU
		{681696E5-B9D2-4773-A729-3440E247825A}.Debug|Any CPU.ActiveCfg = Debug|Any CPU
		{681696E5-B9D2-4773-A729-3440E247825A}.Debug|Any CPU.Build.0 = Debug|Any CPU
		{681696E5-B9D2-4773-A729-3440E247825A}.Release|Any CPU.ActiveCfg = Release|Any CPU
		{681696E5-B9D2-4773-A729-3440E247825A}.Release|Any CPU.Build.0 = Release|Any CPU
	EndGlobalSection
	GlobalSection(SolutionProperties) = preSolution
		HideSolutionNode = FALSE
	EndGlobalSection
	GlobalSection(NestedProjects) = preSolution
		{BFE973FF-C02F-425B-B3D7-6503BED66037} = {554E1709-5785-4982-89F9-6AB3C5684F43}
		{C695CCD1-4BDB-4BD7-B5CC-5B0290F72DB4} = {554E1709-5785-4982-89F9-6AB3C5684F43}
		{EB0FB707-1630-42E3-979E-ED08AE2E8CB6} = {C695CCD1-4BDB-4BD7-B5CC-5B0290F72DB4}
		{32895081-BB2C-48EF-8B09-B4E13EBE4994} = {EB0FB707-1630-42E3-979E-ED08AE2E8CB6}
		{F93F0456-31CB-411C-B57C-6CFAE4DACAC1} = {EB0FB707-1630-42E3-979E-ED08AE2E8CB6}
		{FC9C67AE-2FE6-4F3F-9F6D-A8801C5ECC67} = {C695CCD1-4BDB-4BD7-B5CC-5B0290F72DB4}
		{7D416538-7736-48FB-9AC7-F1FB1F5861C6} = {FC9C67AE-2FE6-4F3F-9F6D-A8801C5ECC67}
		{8DA63199-B1D4-4EA0-88C2-B5826C0EE32E} = {FC9C67AE-2FE6-4F3F-9F6D-A8801C5ECC67}
		{81A46F45-5C42-4C9D-822E-9C06A3C93D42} = {554E1709-5785-4982-89F9-6AB3C5684F43}
		{F20DA69D-1B50-4884-B2CE-B2A2DBC585E5} = {554E1709-5785-4982-89F9-6AB3C5684F43}
		{F4E5BBE0-F27E-4F69-8BA2-B40464F52AB9} = {F20DA69D-1B50-4884-B2CE-B2A2DBC585E5}
		{1BC8BD26-8DDC-40F5-AA08-508DBCB6BF02} = {554E1709-5785-4982-89F9-6AB3C5684F43}
		{D0DA4538-A318-4AFD-9E56-0092A5C41A7D} = {F20DA69D-1B50-4884-B2CE-B2A2DBC585E5}
		{405F36E0-16BC-4B31-9B64-16E70372862D} = {D755A354-5D50-48D2-AF02-DA766FEFFD0E}
		{FE6A26AF-B775-4455-B2AA-5F77049E7900} = {D755A354-5D50-48D2-AF02-DA766FEFFD0E}
		{62AD2AE5-587B-4D02-A309-4124D0BED386} = {D755A354-5D50-48D2-AF02-DA766FEFFD0E}
		{BDF1A6D5-0D4A-4C52-9F5D-E7BF0F137848} = {D755A354-5D50-48D2-AF02-DA766FEFFD0E}
		{C62CCE42-6191-4F35-A372-1025ECC67521} = {BDF1A6D5-0D4A-4C52-9F5D-E7BF0F137848}
		{78D68FDA-1313-495C-8AE2-1AF8809B86CC} = {BDF1A6D5-0D4A-4C52-9F5D-E7BF0F137848}
		{5EC00B39-7F32-402A-82D0-BE37A622605A} = {BDF1A6D5-0D4A-4C52-9F5D-E7BF0F137848}
		{C4994269-759E-44FD-83EB-7EACE7974CD4} = {D755A354-5D50-48D2-AF02-DA766FEFFD0E}
		{5CE0FC24-2FAC-4713-BB4C-F413CD4E6FB4} = {BDF1A6D5-0D4A-4C52-9F5D-E7BF0F137848}
		{3485D04F-5614-4843-8413-8A748388FD26} = {554E1709-5785-4982-89F9-6AB3C5684F43}
	EndGlobalSection
	GlobalSection(ExtensibilityGlobals) = postSolution
		SolutionGuid = {99B45435-DA3D-4967-A869-813B52AE2EF2}
	EndGlobalSection
EndGlobal
